
Microsoft Visual Studio Solution File, Format Version 12.00
# Visual Studio 14
VisualStudioVersion = 14.0.25420.1
MinimumVisualStudioVersion = 10.0.40219.1
Project("{FAE04EC0-301F-11D3-BF4B-00C04F79EFBC}") = "PianotesWebApi", "Service\PianotesWebApi\PianotesWebApi.csproj", "{37C6648D-141E-4997-BD68-72ED6E83BD54}"
EndProject
Project("{E24C65DC-7377-472B-9ABA-BC803B73C61A}") = "UI", "UI\", "{E4381E80-DF3B-4E47-BF72-CB75E2558C26}"
	ProjectSection(WebsiteProperties) = preProject
		TargetFrameworkMoniker = ".NETFramework,Version%3Dv4.0"
		Debug.AspNetCompiler.VirtualPath = "/localhost_53637"
		Debug.AspNetCompiler.PhysicalPath = "UI\"
		Debug.AspNetCompiler.TargetPath = "PrecompiledWeb\localhost_53637\"
		Debug.AspNetCompiler.Updateable = "true"
		Debug.AspNetCompiler.ForceOverwrite = "true"
		Debug.AspNetCompiler.FixedNames = "false"
		Debug.AspNetCompiler.Debug = "True"
		Release.AspNetCompiler.VirtualPath = "/localhost_53637"
		Release.AspNetCompiler.PhysicalPath = "UI\"
		Release.AspNetCompiler.TargetPath = "PrecompiledWeb\localhost_53637\"
		Release.AspNetCompiler.Updateable = "true"
		Release.AspNetCompiler.ForceOverwrite = "true"
		Release.AspNetCompiler.FixedNames = "false"
		Release.AspNetCompiler.Debug = "False"
		VWDPort = "53637"
	EndProjectSection
EndProject
Global
	GlobalSection(SolutionConfigurationPlatforms) = preSolution
		Debug|Any CPU = Debug|Any CPU
		Release|Any CPU = Release|Any CPU
	EndGlobalSection
	GlobalSection(ProjectConfigurationPlatforms) = postSolution
		{37C6648D-141E-4997-BD68-72ED6E83BD54}.Debug|Any CPU.ActiveCfg = Debug|Any CPU
		{37C6648D-141E-4997-BD68-72ED6E83BD54}.Debug|Any CPU.Build.0 = Debug|Any CPU
		{37C6648D-141E-4997-BD68-72ED6E83BD54}.Release|Any CPU.ActiveCfg = Release|Any CPU
		{37C6648D-141E-4997-BD68-72ED6E83BD54}.Release|Any CPU.Build.0 = Release|Any CPU
		{E4381E80-DF3B-4E47-BF72-CB75E2558C26}.Debug|Any CPU.ActiveCfg = Debug|Any CPU
		{E4381E80-DF3B-4E47-BF72-CB75E2558C26}.Debug|Any CPU.Build.0 = Debug|Any CPU
		{E4381E80-DF3B-4E47-BF72-CB75E2558C26}.Release|Any CPU.ActiveCfg = Debug|Any CPU
		{E4381E80-DF3B-4E47-BF72-CB75E2558C26}.Release|Any CPU.Build.0 = Debug|Any CPU
	EndGlobalSection
	GlobalSection(SolutionProperties) = preSolution
		HideSolutionNode = FALSE
	EndGlobalSection
	GlobalSection(ExtensibilityGlobals) = postSolution
		SolutionGuid = {24DCB3DB-56DD-440D-BB38-A20848E8B8B7}
	EndGlobalSection
EndGlobal
